// !$*UTF8*$!
{
	archiveVersion = 1;
	classes = {
	};
	objectVersion = 46;
	objects = {

/* Begin PBXBuildFile section */
		0370878E1B3899620080C080 /* Car.swift in Sources */ = {isa = PBXBuildFile; fileRef = 0370878D1B3899620080C080 /* Car.swift */; };
		037087901B389B1C0080C080 /* Contact.swift in Sources */ = {isa = PBXBuildFile; fileRef = 0370878F1B389B1C0080C080 /* Contact.swift */; };
		03CA4ABE1B323897009BEA1B /* AppDelegate.swift in Sources */ = {isa = PBXBuildFile; fileRef = 03CA4ABD1B323897009BEA1B /* AppDelegate.swift */; };
		03CA4AC11B323897009BEA1B /* EjemploCoreData.xcdatamodeld in Sources */ = {isa = PBXBuildFile; fileRef = 03CA4ABF1B323897009BEA1B /* EjemploCoreData.xcdatamodeld */; };
		03CA4AC31B323897009BEA1B /* ViewController.swift in Sources */ = {isa = PBXBuildFile; fileRef = 03CA4AC21B323897009BEA1B /* ViewController.swift */; };
		03CA4AC61B323897009BEA1B /* Main.storyboard in Resources */ = {isa = PBXBuildFile; fileRef = 03CA4AC41B323897009BEA1B /* Main.storyboard */; };
		03CA4AC81B323897009BEA1B /* Images.xcassets in Resources */ = {isa = PBXBuildFile; fileRef = 03CA4AC71B323897009BEA1B /* Images.xcassets */; };
		03CA4ACB1B323897009BEA1B /* LaunchScreen.xib in Resources */ = {isa = PBXBuildFile; fileRef = 03CA4AC91B323897009BEA1B /* LaunchScreen.xib */; };
		03CA4AD71B323897009BEA1B /* EjemploCoreDataTests.swift in Sources */ = {isa = PBXBuildFile; fileRef = 03CA4AD61B323897009BEA1B /* EjemploCoreDataTests.swift */; };
		03D48FAC1B3D019100A5E9D7 /* ViewControllerAutos.swift in Sources */ = {isa = PBXBuildFile; fileRef = 03D48FAB1B3D019100A5E9D7 /* ViewControllerAutos.swift */; };
		03D48FAE1B3D021000A5E9D7 /* TablaAutosDelegate.swift in Sources */ = {isa = PBXBuildFile; fileRef = 03D48FAD1B3D021000A5E9D7 /* TablaAutosDelegate.swift */; };
		03D48FB01B3D022800A5E9D7 /* CeldaAuto.swift in Sources */ = {isa = PBXBuildFile; fileRef = 03D48FAF1B3D022800A5E9D7 /* CeldaAuto.swift */; };
		03D48FB21B3D029500A5E9D7 /* AutosManager.swift in Sources */ = {isa = PBXBuildFile; fileRef = 03D48FB11B3D029500A5E9D7 /* AutosManager.swift */; };
		03E8E81F1B37272900ACE454 /* CeldaContacto.swift in Sources */ = {isa = PBXBuildFile; fileRef = 03E8E81E1B37272900ACE454 /* CeldaContacto.swift */; };
		03E8E8211B37276C00ACE454 /* TablaContactosDelegate.swift in Sources */ = {isa = PBXBuildFile; fileRef = 03E8E8201B37276C00ACE454 /* TablaContactosDelegate.swift */; };
		03E8E8291B37807600ACE454 /* ContactManager.swift in Sources */ = {isa = PBXBuildFile; fileRef = 03E8E8281B37807600ACE454 /* ContactManager.swift */; };
		03F841931BB855470021DE4D /* Tutorial CoreData Swift.pages in Resources */ = {isa = PBXBuildFile; fileRef = 03F841921BB855470021DE4D /* Tutorial CoreData Swift.pages */; settings = {ASSET_TAGS = (); }; };
		03F841951BB864180021DE4D /* Utilities.swift in Sources */ = {isa = PBXBuildFile; fileRef = 03F841941BB864180021DE4D /* Utilities.swift */; settings = {ASSET_TAGS = (); }; };
/* End PBXBuildFile section */

/* Begin PBXContainerItemProxy section */
		03CA4AD11B323897009BEA1B /* PBXContainerItemProxy */ = {
			isa = PBXContainerItemProxy;
			containerPortal = 03CA4AB01B323897009BEA1B /* Project object */;
			proxyType = 1;
			remoteGlobalIDString = 03CA4AB71B323897009BEA1B;
			remoteInfo = EjemploCoreData;
		};
/* End PBXContainerItemProxy section */

/* Begin PBXFileReference section */
		0370878D1B3899620080C080 /* Car.swift */ = {isa = PBXFileReference; fileEncoding = 4; lastKnownFileType = sourcecode.swift; path = Car.swift; sourceTree = "<group>"; };
		0370878F1B389B1C0080C080 /* Contact.swift */ = {isa = PBXFileReference; fileEncoding = 4; lastKnownFileType = sourcecode.swift; path = Contact.swift; sourceTree = "<group>"; };
		0380C0EA1B4CD32100E68C9D /* EjemploCoreData 2.xcdatamodel */ = {isa = PBXFileReference; lastKnownFileType = wrapper.xcdatamodel; path = "EjemploCoreData 2.xcdatamodel"; sourceTree = "<group>"; };
		03CA4AB81B323897009BEA1B /* EjemploCoreData.app */ = {isa = PBXFileReference; explicitFileType = wrapper.application; includeInIndex = 0; path = EjemploCoreData.app; sourceTree = BUILT_PRODUCTS_DIR; };
		03CA4ABC1B323897009BEA1B /* Info.plist */ = {isa = PBXFileReference; lastKnownFileType = text.plist.xml; path = Info.plist; sourceTree = "<group>"; };
		03CA4ABD1B323897009BEA1B /* AppDelegate.swift */ = {isa = PBXFileReference; lastKnownFileType = sourcecode.swift; path = AppDelegate.swift; sourceTree = "<group>"; };
		03CA4AC01B323897009BEA1B /* EjemploCoreData.xcdatamodel */ = {isa = PBXFileReference; lastKnownFileType = wrapper.xcdatamodel; path = EjemploCoreData.xcdatamodel; sourceTree = "<group>"; };
		03CA4AC21B323897009BEA1B /* ViewController.swift */ = {isa = PBXFileReference; lastKnownFileType = sourcecode.swift; path = ViewController.swift; sourceTree = "<group>"; };
		03CA4AC51B323897009BEA1B /* Base */ = {isa = PBXFileReference; lastKnownFileType = file.storyboard; name = Base; path = Base.lproj/Main.storyboard; sourceTree = "<group>"; };
		03CA4AC71B323897009BEA1B /* Images.xcassets */ = {isa = PBXFileReference; lastKnownFileType = folder.assetcatalog; path = Images.xcassets; sourceTree = "<group>"; };
		03CA4ACA1B323897009BEA1B /* Base */ = {isa = PBXFileReference; lastKnownFileType = file.xib; name = Base; path = Base.lproj/LaunchScreen.xib; sourceTree = "<group>"; };
		03CA4AD01B323897009BEA1B /* EjemploCoreData.xctest */ = {isa = PBXFileReference; explicitFileType = wrapper.cfbundle; includeInIndex = 0; path = EjemploCoreData.xctest; sourceTree = BUILT_PRODUCTS_DIR; };
		03CA4AD51B323897009BEA1B /* Info.plist */ = {isa = PBXFileReference; lastKnownFileType = text.plist.xml; path = Info.plist; sourceTree = "<group>"; };
		03CA4AD61B323897009BEA1B /* EjemploCoreDataTests.swift */ = {isa = PBXFileReference; lastKnownFileType = sourcecode.swift; path = EjemploCoreDataTests.swift; sourceTree = "<group>"; };
		03D48FAB1B3D019100A5E9D7 /* ViewControllerAutos.swift */ = {isa = PBXFileReference; fileEncoding = 4; lastKnownFileType = sourcecode.swift; path = ViewControllerAutos.swift; sourceTree = "<group>"; };
		03D48FAD1B3D021000A5E9D7 /* TablaAutosDelegate.swift */ = {isa = PBXFileReference; fileEncoding = 4; lastKnownFileType = sourcecode.swift; path = TablaAutosDelegate.swift; sourceTree = "<group>"; };
		03D48FAF1B3D022800A5E9D7 /* CeldaAuto.swift */ = {isa = PBXFileReference; fileEncoding = 4; lastKnownFileType = sourcecode.swift; path = CeldaAuto.swift; sourceTree = "<group>"; };
		03D48FB11B3D029500A5E9D7 /* AutosManager.swift */ = {isa = PBXFileReference; fileEncoding = 4; lastKnownFileType = sourcecode.swift; path = AutosManager.swift; sourceTree = "<group>"; };
		03E8E81E1B37272900ACE454 /* CeldaContacto.swift */ = {isa = PBXFileReference; fileEncoding = 4; lastKnownFileType = sourcecode.swift; path = CeldaContacto.swift; sourceTree = "<group>"; };
		03E8E8201B37276C00ACE454 /* TablaContactosDelegate.swift */ = {isa = PBXFileReference; fileEncoding = 4; lastKnownFileType = sourcecode.swift; path = TablaContactosDelegate.swift; sourceTree = "<group>"; };
		03E8E8281B37807600ACE454 /* ContactManager.swift */ = {isa = PBXFileReference; fileEncoding = 4; lastKnownFileType = sourcecode.swift; path = ContactManager.swift; sourceTree = "<group>"; };
		03F841921BB855470021DE4D /* Tutorial CoreData Swift.pages */ = {isa = PBXFileReference; lastKnownFileType = wrapper; path = "Tutorial CoreData Swift.pages"; sourceTree = "<group>"; };
		03F841941BB864180021DE4D /* Utilities.swift */ = {isa = PBXFileReference; fileEncoding = 4; lastKnownFileType = sourcecode.swift; path = Utilities.swift; sourceTree = "<group>"; };
/* End PBXFileReference section */

/* Begin PBXFrameworksBuildPhase section */
		03CA4AB51B323897009BEA1B /* Frameworks */ = {
			isa = PBXFrameworksBuildPhase;
			buildActionMask = 2147483647;
			files = (
			);
			runOnlyForDeploymentPostprocessing = 0;
		};
		03CA4ACD1B323897009BEA1B /* Frameworks */ = {
			isa = PBXFrameworksBuildPhase;
			buildActionMask = 2147483647;
			files = (
			);
			runOnlyForDeploymentPostprocessing = 0;
		};
/* End PBXFrameworksBuildPhase section */

/* Begin PBXGroup section */
		03CA4AAF1B323897009BEA1B = {
			isa = PBXGroup;
			children = (
				03CA4ABA1B323897009BEA1B /* EjemploCoreData */,
				03CA4AD31B323897009BEA1B /* EjemploCoreDataTests */,
				03CA4AB91B323897009BEA1B /* Products */,
			);
			sourceTree = "<group>";
		};
		03CA4AB91B323897009BEA1B /* Products */ = {
			isa = PBXGroup;
			children = (
				03CA4AB81B323897009BEA1B /* EjemploCoreData.app */,
				03CA4AD01B323897009BEA1B /* EjemploCoreData.xctest */,
			);
			name = Products;
			sourceTree = "<group>";
		};
		03CA4ABA1B323897009BEA1B /* EjemploCoreData */ = {
			isa = PBXGroup;
			children = (
				03CA4ABD1B323897009BEA1B /* AppDelegate.swift */,
				03CA4AC21B323897009BEA1B /* ViewController.swift */,
				03D48FAB1B3D019100A5E9D7 /* ViewControllerAutos.swift */,
				03E8E8281B37807600ACE454 /* ContactManager.swift */,
				03D48FB11B3D029500A5E9D7 /* AutosManager.swift */,
				03E8E8201B37276C00ACE454 /* TablaContactosDelegate.swift */,
				03D48FAD1B3D021000A5E9D7 /* TablaAutosDelegate.swift */,
				03E8E81E1B37272900ACE454 /* CeldaContacto.swift */,
				03D48FAF1B3D022800A5E9D7 /* CeldaAuto.swift */,
				03CA4AC41B323897009BEA1B /* Main.storyboard */,
				03CA4AC71B323897009BEA1B /* Images.xcassets */,
				03CA4AC91B323897009BEA1B /* LaunchScreen.xib */,
				0370878F1B389B1C0080C080 /* Contact.swift */,
				0370878D1B3899620080C080 /* Car.swift */,
				03F841941BB864180021DE4D /* Utilities.swift */,
				03CA4ABF1B323897009BEA1B /* EjemploCoreData.xcdatamodeld */,
				03CA4ABB1B323897009BEA1B /* Supporting Files */,
			);
			path = EjemploCoreData;
			sourceTree = "<group>";
		};
		03CA4ABB1B323897009BEA1B /* Supporting Files */ = {
			isa = PBXGroup;
			children = (
				03F841921BB855470021DE4D /* Tutorial CoreData Swift.pages */,
				03CA4ABC1B323897009BEA1B /* Info.plist */,
			);
			name = "Supporting Files";
			sourceTree = "<group>";
		};
		03CA4AD31B323897009BEA1B /* EjemploCoreDataTests */ = {
			isa = PBXGroup;
			children = (
				03CA4AD61B323897009BEA1B /* EjemploCoreDataTests.swift */,
				03CA4AD41B323897009BEA1B /* Supporting Files */,
			);
			path = EjemploCoreDataTests;
			sourceTree = "<group>";
		};
		03CA4AD41B323897009BEA1B /* Supporting Files */ = {
			isa = PBXGroup;
			children = (
				03CA4AD51B323897009BEA1B /* Info.plist */,
			);
			name = "Supporting Files";
			sourceTree = "<group>";
		};
/* End PBXGroup section */

/* Begin PBXNativeTarget section */
		03CA4AB71B323897009BEA1B /* EjemploCoreData */ = {
			isa = PBXNativeTarget;
			buildConfigurationList = 03CA4ADA1B323897009BEA1B /* Build configuration list for PBXNativeTarget "EjemploCoreData" */;
			buildPhases = (
				03CA4AB41B323897009BEA1B /* Sources */,
				03CA4AB51B323897009BEA1B /* Frameworks */,
				03CA4AB61B323897009BEA1B /* Resources */,
			);
			buildRules = (
			);
			dependencies = (
			);
			name = EjemploCoreData;
			productName = EjemploCoreData;
			productReference = 03CA4AB81B323897009BEA1B /* EjemploCoreData.app */;
			productType = "com.apple.product-type.application";
		};
		03CA4ACF1B323897009BEA1B /* EjemploCoreDataTests */ = {
			isa = PBXNativeTarget;
			buildConfigurationList = 03CA4ADD1B323897009BEA1B /* Build configuration list for PBXNativeTarget "EjemploCoreDataTests" */;
			buildPhases = (
				03CA4ACC1B323897009BEA1B /* Sources */,
				03CA4ACD1B323897009BEA1B /* Frameworks */,
				03CA4ACE1B323897009BEA1B /* Resources */,
			);
			buildRules = (
			);
			dependencies = (
				03CA4AD21B323897009BEA1B /* PBXTargetDependency */,
			);
			name = EjemploCoreDataTests;
			productName = EjemploCoreDataTests;
			productReference = 03CA4AD01B323897009BEA1B /* EjemploCoreData.xctest */;
			productType = "com.apple.product-type.bundle.unit-test";
		};
/* End PBXNativeTarget section */

/* Begin PBXProject section */
		03CA4AB01B323897009BEA1B /* Project object */ = {
			isa = PBXProject;
			attributes = {
				LastSwiftMigration = 0700;
				LastSwiftUpdateCheck = 0700;
				LastUpgradeCheck = 0700;
				ORGANIZATIONNAME = "Nicolás Gebauer";
				TargetAttributes = {
					03CA4AB71B323897009BEA1B = {
						CreatedOnToolsVersion = 6.3.2;
					};
					03CA4ACF1B323897009BEA1B = {
						CreatedOnToolsVersion = 6.3.2;
						TestTargetID = 03CA4AB71B323897009BEA1B;
					};
				};
			};
			buildConfigurationList = 03CA4AB31B323897009BEA1B /* Build configuration list for PBXProject "EjemploCoreData" */;
			compatibilityVersion = "Xcode 3.2";
			developmentRegion = English;
			hasScannedForEncodings = 0;
			knownRegions = (
				en,
				Base,
			);
			mainGroup = 03CA4AAF1B323897009BEA1B;
			productRefGroup = 03CA4AB91B323897009BEA1B /* Products */;
			projectDirPath = "";
			projectRoot = "";
			targets = (
				03CA4AB71B323897009BEA1B /* EjemploCoreData */,
				03CA4ACF1B323897009BEA1B /* EjemploCoreDataTests */,
			);
		};
/* End PBXProject section */

/* Begin PBXResourcesBuildPhase section */
		03CA4AB61B323897009BEA1B /* Resources */ = {
			isa = PBXResourcesBuildPhase;
			buildActionMask = 2147483647;
			files = (
				03CA4AC61B323897009BEA1B /* Main.storyboard in Resources */,
				03CA4ACB1B323897009BEA1B /* LaunchScreen.xib in Resources */,
				03CA4AC81B323897009BEA1B /* Images.xcassets in Resources */,
				03F841931BB855470021DE4D /* Tutorial CoreData Swift.pages in Resources */,
			);
			runOnlyForDeploymentPostprocessing = 0;
		};
		03CA4ACE1B323897009BEA1B /* Resources */ = {
			isa = PBXResourcesBuildPhase;
			buildActionMask = 2147483647;
			files = (
			);
			runOnlyForDeploymentPostprocessing = 0;
		};
/* End PBXResourcesBuildPhase section */

/* Begin PBXSourcesBuildPhase section */
		03CA4AB41B323897009BEA1B /* Sources */ = {
			isa = PBXSourcesBuildPhase;
			buildActionMask = 2147483647;
			files = (
				03D48FB21B3D029500A5E9D7 /* AutosManager.swift in Sources */,
				03E8E8291B37807600ACE454 /* ContactManager.swift in Sources */,
				03CA4AC31B323897009BEA1B /* ViewController.swift in Sources */,
				03CA4ABE1B323897009BEA1B /* AppDelegate.swift in Sources */,
				03F841951BB864180021DE4D /* Utilities.swift in Sources */,
				03D48FAC1B3D019100A5E9D7 /* ViewControllerAutos.swift in Sources */,
				03E8E8211B37276C00ACE454 /* TablaContactosDelegate.swift in Sources */,
				03D48FB01B3D022800A5E9D7 /* CeldaAuto.swift in Sources */,
				037087901B389B1C0080C080 /* Contact.swift in Sources */,
				03E8E81F1B37272900ACE454 /* CeldaContacto.swift in Sources */,
				0370878E1B3899620080C080 /* Car.swift in Sources */,
				03D48FAE1B3D021000A5E9D7 /* TablaAutosDelegate.swift in Sources */,
				03CA4AC11B323897009BEA1B /* EjemploCoreData.xcdatamodeld in Sources */,
			);
			runOnlyForDeploymentPostprocessing = 0;
		};
		03CA4ACC1B323897009BEA1B /* Sources */ = {
			isa = PBXSourcesBuildPhase;
			buildActionMask = 2147483647;
			files = (
				03CA4AD71B323897009BEA1B /* EjemploCoreDataTests.swift in Sources */,
			);
			runOnlyForDeploymentPostprocessing = 0;
		};
/* End PBXSourcesBuildPhase section */

/* Begin PBXTargetDependency section */
		03CA4AD21B323897009BEA1B /* PBXTargetDependency */ = {
			isa = PBXTargetDependency;
			target = 03CA4AB71B323897009BEA1B /* EjemploCoreData */;
			targetProxy = 03CA4AD11B323897009BEA1B /* PBXContainerItemProxy */;
		};
/* End PBXTargetDependency section */

/* Begin PBXVariantGroup section */
		03CA4AC41B323897009BEA1B /* Main.storyboard */ = {
			isa = PBXVariantGroup;
			children = (
				03CA4AC51B323897009BEA1B /* Base */,
			);
			name = Main.storyboard;
			sourceTree = "<group>";
		};
		03CA4AC91B323897009BEA1B /* LaunchScreen.xib */ = {
			isa = PBXVariantGroup;
			children = (
				03CA4ACA1B323897009BEA1B /* Base */,
			);
			name = LaunchScreen.xib;
			sourceTree = "<group>";
		};
/* End PBXVariantGroup section */

/* Begin XCBuildConfiguration section */
		03CA4AD81B323897009BEA1B /* Debug */ = {
			isa = XCBuildConfiguration;
			buildSettings = {
				ALWAYS_SEARCH_USER_PATHS = NO;
				CLANG_CXX_LANGUAGE_STANDARD = "gnu++0x";
				CLANG_CXX_LIBRARY = "libc++";
				CLANG_ENABLE_MODULES = YES;
				CLANG_ENABLE_OBJC_ARC = YES;
				CLANG_WARN_BOOL_CONVERSION = YES;
				CLANG_WARN_CONSTANT_CONVERSION = YES;
				CLANG_WARN_DIRECT_OBJC_ISA_USAGE = YES_ERROR;
				CLANG_WARN_EMPTY_BODY = YES;
				CLANG_WARN_ENUM_CONVERSION = YES;
				CLANG_WARN_INT_CONVERSION = YES;
				CLANG_WARN_OBJC_ROOT_CLASS = YES_ERROR;
				CLANG_WARN_UNREACHABLE_CODE = YES;
				CLANG_WARN__DUPLICATE_METHOD_MATCH = YES;
				"CODE_SIGN_IDENTITY[sdk=iphoneos*]" = "iPhone Developer";
				COPY_PHASE_STRIP = NO;
				DEBUG_INFORMATION_FORMAT = "dwarf-with-dsym";
				ENABLE_STRICT_OBJC_MSGSEND = YES;
				ENABLE_TESTABILITY = YES;
				GCC_C_LANGUAGE_STANDARD = gnu99;
				GCC_DYNAMIC_NO_PIC = NO;
				GCC_NO_COMMON_BLOCKS = YES;
				GCC_OPTIMIZATION_LEVEL = 0;
				GCC_PREPROCESSOR_DEFINITIONS = (
					"DEBUG=1",
					"$(inherited)",
				);
				GCC_SYMBOLS_PRIVATE_EXTERN = NO;
				GCC_WARN_64_TO_32_BIT_CONVERSION = YES;
				GCC_WARN_ABOUT_RETURN_TYPE = YES_ERROR;
				GCC_WARN_UNDECLARED_SELECTOR = YES;
				GCC_WARN_UNINITIALIZED_AUTOS = YES_AGGRESSIVE;
				GCC_WARN_UNUSED_FUNCTION = YES;
				GCC_WARN_UNUSED_VARIABLE = YES;
				IPHONEOS_DEPLOYMENT_TARGET = 8.3;
				MTL_ENABLE_DEBUG_INFO = YES;
				ONLY_ACTIVE_ARCH = YES;
				SDKROOT = iphoneos;
				SWIFT_OPTIMIZATION_LEVEL = "-Onone";
			};
			name = Debug;
		};
		03CA4AD91B323897009BEA1B /* Release */ = {
			isa = XCBuildConfiguration;
			buildSettings = {
				ALWAYS_SEARCH_USER_PATHS = NO;
				CLANG_CXX_LANGUAGE_STANDARD = "gnu++0x";
				CLANG_CXX_LIBRARY = "libc++";
				CLANG_ENABLE_MODULES = YES;
				CLANG_ENABLE_OBJC_ARC = YES;
				CLANG_WARN_BOOL_CONVERSION = YES;
				CLANG_WARN_CONSTANT_CONVERSION = YES;
				CLANG_WARN_DIRECT_OBJC_ISA_USAGE = YES_ERROR;
				CLANG_WARN_EMPTY_BODY = YES;
				CLANG_WARN_ENUM_CONVERSION = YES;
				CLANG_WARN_INT_CONVERSION = YES;
				CLANG_WARN_OBJC_ROOT_CLASS = YES_ERROR;
				CLANG_WARN_UNREACHABLE_CODE = YES;
				CLANG_WARN__DUPLICATE_METHOD_MATCH = YES;
				"CODE_SIGN_IDENTITY[sdk=iphoneos*]" = "iPhone Developer";
				COPY_PHASE_STRIP = NO;
				DEBUG_INFORMATION_FORMAT = "dwarf-with-dsym";
				ENABLE_NS_ASSERTIONS = NO;
				ENABLE_STRICT_OBJC_MSGSEND = YES;
				GCC_C_LANGUAGE_STANDARD = gnu99;
				GCC_NO_COMMON_BLOCKS = YES;
				GCC_WARN_64_TO_32_BIT_CONVERSION = YES;
				GCC_WARN_ABOUT_RETURN_TYPE = YES_ERROR;
				GCC_WARN_UNDECLARED_SELECTOR = YES;
				GCC_WARN_UNINITIALIZED_AUTOS = YES_AGGRESSIVE;
				GCC_WARN_UNUSED_FUNCTION = YES;
				GCC_WARN_UNUSED_VARIABLE = YES;
				IPHONEOS_DEPLOYMENT_TARGET = 8.3;
				MTL_ENABLE_DEBUG_INFO = NO;
				SDKROOT = iphoneos;
				VALIDATE_PRODUCT = YES;
			};
			name = Release;
		};
		03CA4ADB1B323897009BEA1B /* Debug */ = {
			isa = XCBuildConfiguration;
			buildSettings = {
				ASSETCATALOG_COMPILER_APPICON_NAME = AppIcon;
				INFOPLIST_FILE = EjemploCoreData/Info.plist;
				LD_RUNPATH_SEARCH_PATHS = "$(inherited) @executable_path/Frameworks";
				PRODUCT_BUNDLE_IDENTIFIER = "com.nicogeb.$(PRODUCT_NAME:rfc1034identifier)";
				PRODUCT_NAME = EjemploCoreData;
			};
			name = Debug;
		};
		03CA4ADC1B323897009BEA1B /* Release */ = {
			isa = XCBuildConfiguration;
			buildSettings = {
				ASSETCATALOG_COMPILER_APPICON_NAME = AppIcon;
				INFOPLIST_FILE = EjemploCoreData/Info.plist;
				LD_RUNPATH_SEARCH_PATHS = "$(inherited) @executable_path/Frameworks";
				PRODUCT_BUNDLE_IDENTIFIER = "com.nicogeb.$(PRODUCT_NAME:rfc1034identifier)";
				PRODUCT_NAME = EjemploCoreData;
			};
			name = Release;
		};
		03CA4ADE1B323897009BEA1B /* Debug */ = {
			isa = XCBuildConfiguration;
			buildSettings = {
				BUNDLE_LOADER = "$(TEST_HOST)";
				FRAMEWORK_SEARCH_PATHS = (
					"$(SDKROOT)/Developer/Library/Frameworks",
					"$(inherited)",
				);
				GCC_PREPROCESSOR_DEFINITIONS = (
					"DEBUG=1",
					"$(inherited)",
				);
				INFOPLIST_FILE = EjemploCoreDataTests/Info.plist;
				LD_RUNPATH_SEARCH_PATHS = "$(inherited) @executable_path/Frameworks @loader_path/Frameworks";
				PRODUCT_BUNDLE_IDENTIFIER = "com.nicogeb.$(PRODUCT_NAME:rfc1034identifier)";
				PRODUCT_NAME = EjemploCoreData;
				TEST_HOST = "$(BUILT_PRODUCTS_DIR)/EjemploCoreData.app/EjemploCoreData";
			};
			name = Debug;
		};
		03CA4ADF1B323897009BEA1B /* Release */ = {
			isa = XCBuildConfiguration;
			buildSettings = {
				BUNDLE_LOADER = "$(TEST_HOST)";
				FRAMEWORK_SEARCH_PATHS = (
					"$(SDKROOT)/Developer/Library/Frameworks",
					"$(inherited)",
				);
				INFOPLIST_FILE = EjemploCoreDataTests/Info.plist;
				LD_RUNPATH_SEARCH_PATHS = "$(inherited) @executable_path/Frameworks @loader_path/Frameworks";
				PRODUCT_BUNDLE_IDENTIFIER = "com.nicogeb.$(PRODUCT_NAME:rfc1034identifier)";
				PRODUCT_NAME = EjemploCoreData;
				TEST_HOST = "$(BUILT_PRODUCTS_DIR)/EjemploCoreData.app/EjemploCoreData";
			};
			name = Release;
		};
/* End XCBuildConfiguration section */

/* Begin XCConfigurationList section */
		03CA4AB31B323897009BEA1B /* Build configuration list for PBXProject "EjemploCoreData" */ = {
			isa = XCConfigurationList;
			buildConfigurations = (
				03CA4AD81B323897009BEA1B /* Debug */,
				03CA4AD91B323897009BEA1B /* Release */,
			);
			defaultConfigurationIsVisible = 0;
			defaultConfigurationName = Release;
		};
		03CA4ADA1B323897009BEA1B /* Build configuration list for PBXNativeTarget "EjemploCoreData" */ = {
			isa = XCConfigurationList;
			buildConfigurations = (
				03CA4ADB1B323897009BEA1B /* Debug */,
				03CA4ADC1B323897009BEA1B /* Release */,
			);
			defaultConfigurationIsVisible = 0;
			defaultConfigurationName = Release;
		};
		03CA4ADD1B323897009BEA1B /* Build configuration list for PBXNativeTarget "EjemploCoreDataTests" */ = {
			isa = XCConfigurationList;
			buildConfigurations = (
				03CA4ADE1B323897009BEA1B /* Debug */,
				03CA4ADF1B323897009BEA1B /* Release */,
			);
			defaultConfigurationIsVisible = 0;
			defaultConfigurationName = Release;
		};
/* End XCConfigurationList section */

/* Begin XCVersionGroup section */
		03CA4ABF1B323897009BEA1B /* EjemploCoreData.xcdatamodeld */ = {
			isa = XCVersionGroup;
			children = (
				0380C0EA1B4CD32100E68C9D /* EjemploCoreData 2.xcdatamodel */,
				03CA4AC01B323897009BEA1B /* EjemploCoreData.xcdatamodel */,
			);
			currentVersion = 0380C0EA1B4CD32100E68C9D /* EjemploCoreData 2.xcdatamodel */;
			path = EjemploCoreData.xcdatamodeld;
			sourceTree = "<group>";
			versionGroupType = wrapper.xcdatamodel;
		};
/* End XCVersionGroup section */
	};
	rootObject = 03CA4AB01B323897009BEA1B /* Project object */;
}
