// !$*UTF8*$!
{
	archiveVersion = 1;
	classes = {
	};
	objectVersion = 46;
	objects = {

/* Begin PBXBuildFile section */
		03E6447E1B4B2A1400863A5A /* AppDelegate.swift in Sources */ = {isa = PBXBuildFile; fileRef = 03E6447D1B4B2A1400863A5A /* AppDelegate.swift */; };
		03E644811B4B2A1400863A5A /* Test.xcdatamodeld in Sources */ = {isa = PBXBuildFile; fileRef = 03E6447F1B4B2A1400863A5A /* Test.xcdatamodeld */; };
		03E644831B4B2A1400863A5A /* ViewController.swift in Sources */ = {isa = PBXBuildFile; fileRef = 03E644821B4B2A1400863A5A /* ViewController.swift */; };
		03E644861B4B2A1400863A5A /* Main.storyboard in Resources */ = {isa = PBXBuildFile; fileRef = 03E644841B4B2A1400863A5A /* Main.storyboard */; };
		03E644881B4B2A1400863A5A /* Images.xcassets in Resources */ = {isa = PBXBuildFile; fileRef = 03E644871B4B2A1400863A5A /* Images.xcassets */; };
		03E6448B1B4B2A1400863A5A /* LaunchScreen.xib in Resources */ = {isa = PBXBuildFile; fileRef = 03E644891B4B2A1400863A5A /* LaunchScreen.xib */; };
		03E644971B4B2A1400863A5A /* TestTests.swift in Sources */ = {isa = PBXBuildFile; fileRef = 03E644961B4B2A1400863A5A /* TestTests.swift */; };
/* End PBXBuildFile section */

/* Begin PBXContainerItemProxy section */
		03E644911B4B2A1400863A5A /* PBXContainerItemProxy */ = {
			isa = PBXContainerItemProxy;
			containerPortal = 03E644701B4B2A1400863A5A /* Project object */;
			proxyType = 1;
			remoteGlobalIDString = 03E644771B4B2A1400863A5A;
			remoteInfo = Test;
		};
/* End PBXContainerItemProxy section */

/* Begin PBXFileReference section */
		03E644781B4B2A1400863A5A /* Test.app */ = {isa = PBXFileReference; explicitFileType = wrapper.application; includeInIndex = 0; path = Test.app; sourceTree = BUILT_PRODUCTS_DIR; };
		03E6447C1B4B2A1400863A5A /* Info.plist */ = {isa = PBXFileReference; lastKnownFileType = text.plist.xml; path = Info.plist; sourceTree = "<group>"; };
		03E6447D1B4B2A1400863A5A /* AppDelegate.swift */ = {isa = PBXFileReference; lastKnownFileType = sourcecode.swift; path = AppDelegate.swift; sourceTree = "<group>"; };
		03E644801B4B2A1400863A5A /* Test.xcdatamodel */ = {isa = PBXFileReference; lastKnownFileType = wrapper.xcdatamodel; path = Test.xcdatamodel; sourceTree = "<group>"; };
		03E644821B4B2A1400863A5A /* ViewController.swift */ = {isa = PBXFileReference; lastKnownFileType = sourcecode.swift; path = ViewController.swift; sourceTree = "<group>"; };
		03E644851B4B2A1400863A5A /* Base */ = {isa = PBXFileReference; lastKnownFileType = file.storyboard; name = Base; path = Base.lproj/Main.storyboard; sourceTree = "<group>"; };
		03E644871B4B2A1400863A5A /* Images.xcassets */ = {isa = PBXFileReference; lastKnownFileType = folder.assetcatalog; path = Images.xcassets; sourceTree = "<group>"; };
		03E6448A1B4B2A1400863A5A /* Base */ = {isa = PBXFileReference; lastKnownFileType = file.xib; name = Base; path = Base.lproj/LaunchScreen.xib; sourceTree = "<group>"; };
		03E644901B4B2A1400863A5A /* TestTests.xctest */ = {isa = PBXFileReference; explicitFileType = wrapper.cfbundle; includeInIndex = 0; path = TestTests.xctest; sourceTree = BUILT_PRODUCTS_DIR; };
		03E644951B4B2A1400863A5A /* Info.plist */ = {isa = PBXFileReference; lastKnownFileType = text.plist.xml; path = Info.plist; sourceTree = "<group>"; };
		03E644961B4B2A1400863A5A /* TestTests.swift */ = {isa = PBXFileReference; lastKnownFileType = sourcecode.swift; path = TestTests.swift; sourceTree = "<group>"; };
/* End PBXFileReference section */

/* Begin PBXFrameworksBuildPhase section */
		03E644751B4B2A1400863A5A /* Frameworks */ = {
			isa = PBXFrameworksBuildPhase;
			buildActionMask = 2147483647;
			files = (
			);
			runOnlyForDeploymentPostprocessing = 0;
		};
		03E6448D1B4B2A1400863A5A /* Frameworks */ = {
			isa = PBXFrameworksBuildPhase;
			buildActionMask = 2147483647;
			files = (
			);
			runOnlyForDeploymentPostprocessing = 0;
		};
/* End PBXFrameworksBuildPhase section */

/* Begin PBXGroup section */
		03E6446F1B4B2A1400863A5A = {
			isa = PBXGroup;
			children = (
				03E6447A1B4B2A1400863A5A /* Test */,
				03E644931B4B2A1400863A5A /* TestTests */,
				03E644791B4B2A1400863A5A /* Products */,
			);
			sourceTree = "<group>";
		};
		03E644791B4B2A1400863A5A /* Products */ = {
			isa = PBXGroup;
			children = (
				03E644781B4B2A1400863A5A /* Test.app */,
				03E644901B4B2A1400863A5A /* TestTests.xctest */,
			);
			name = Products;
			sourceTree = "<group>";
		};
		03E6447A1B4B2A1400863A5A /* Test */ = {
			isa = PBXGroup;
			children = (
				03E6447D1B4B2A1400863A5A /* AppDelegate.swift */,
				03E644821B4B2A1400863A5A /* ViewController.swift */,
				03E644841B4B2A1400863A5A /* Main.storyboard */,
				03E644871B4B2A1400863A5A /* Images.xcassets */,
				03E644891B4B2A1400863A5A /* LaunchScreen.xib */,
				03E6447F1B4B2A1400863A5A /* Test.xcdatamodeld */,
				03E6447B1B4B2A1400863A5A /* Supporting Files */,
			);
			path = Test;
			sourceTree = "<group>";
		};
		03E6447B1B4B2A1400863A5A /* Supporting Files */ = {
			isa = PBXGroup;
			children = (
				03E6447C1B4B2A1400863A5A /* Info.plist */,
			);
			name = "Supporting Files";
			sourceTree = "<group>";
		};
		03E644931B4B2A1400863A5A /* TestTests */ = {
			isa = PBXGroup;
			children = (
				03E644961B4B2A1400863A5A /* TestTests.swift */,
				03E644941B4B2A1400863A5A /* Supporting Files */,
			);
			path = TestTests;
			sourceTree = "<group>";
		};
		03E644941B4B2A1400863A5A /* Supporting Files */ = {
			isa = PBXGroup;
			children = (
				03E644951B4B2A1400863A5A /* Info.plist */,
			);
			name = "Supporting Files";
			sourceTree = "<group>";
		};
/* End PBXGroup section */

/* Begin PBXNativeTarget section */
		03E644771B4B2A1400863A5A /* Test */ = {
			isa = PBXNativeTarget;
			buildConfigurationList = 03E6449A1B4B2A1400863A5A /* Build configuration list for PBXNativeTarget "Test" */;
			buildPhases = (
				03E644741B4B2A1400863A5A /* Sources */,
				03E644751B4B2A1400863A5A /* Frameworks */,
				03E644761B4B2A1400863A5A /* Resources */,
			);
			buildRules = (
			);
			dependencies = (
			);
			name = Test;
			productName = Test;
			productReference = 03E644781B4B2A1400863A5A /* Test.app */;
			productType = "com.apple.product-type.application";
		};
		03E6448F1B4B2A1400863A5A /* TestTests */ = {
			isa = PBXNativeTarget;
			buildConfigurationList = 03E6449D1B4B2A1400863A5A /* Build configuration list for PBXNativeTarget "TestTests" */;
			buildPhases = (
				03E6448C1B4B2A1400863A5A /* Sources */,
				03E6448D1B4B2A1400863A5A /* Frameworks */,
				03E6448E1B4B2A1400863A5A /* Resources */,
			);
			buildRules = (
			);
			dependencies = (
				03E644921B4B2A1400863A5A /* PBXTargetDependency */,
			);
			name = TestTests;
			productName = TestTests;
			productReference = 03E644901B4B2A1400863A5A /* TestTests.xctest */;
			productType = "com.apple.product-type.bundle.unit-test";
		};
/* End PBXNativeTarget section */

/* Begin PBXProject section */
		03E644701B4B2A1400863A5A /* Project object */ = {
			isa = PBXProject;
			attributes = {
				LastUpgradeCheck = 0640;
				ORGANIZATIONNAME = "Nicolás Gebauer";
				TargetAttributes = {
					03E644771B4B2A1400863A5A = {
						CreatedOnToolsVersion = 6.4;
					};
					03E6448F1B4B2A1400863A5A = {
						CreatedOnToolsVersion = 6.4;
						TestTargetID = 03E644771B4B2A1400863A5A;
					};
				};
			};
			buildConfigurationList = 03E644731B4B2A1400863A5A /* Build configuration list for PBXProject "Test" */;
			compatibilityVersion = "Xcode 3.2";
			developmentRegion = English;
			hasScannedForEncodings = 0;
			knownRegions = (
				en,
				Base,
			);
			mainGroup = 03E6446F1B4B2A1400863A5A;
			productRefGroup = 03E644791B4B2A1400863A5A /* Products */;
			projectDirPath = "";
			projectRoot = "";
			targets = (
				03E644771B4B2A1400863A5A /* Test */,
				03E6448F1B4B2A1400863A5A /* TestTests */,
			);
		};
/* End PBXProject section */

/* Begin PBXResourcesBuildPhase section */
		03E644761B4B2A1400863A5A /* Resources */ = {
			isa = PBXResourcesBuildPhase;
			buildActionMask = 2147483647;
			files = (
				03E644861B4B2A1400863A5A /* Main.storyboard in Resources */,
				03E6448B1B4B2A1400863A5A /* LaunchScreen.xib in Resources */,
				03E644881B4B2A1400863A5A /* Images.xcassets in Resources */,
			);
			runOnlyForDeploymentPostprocessing = 0;
		};
		03E6448E1B4B2A1400863A5A /* Resources */ = {
			isa = PBXResourcesBuildPhase;
			buildActionMask = 2147483647;
			files = (
			);
			runOnlyForDeploymentPostprocessing = 0;
		};
/* End PBXResourcesBuildPhase section */

/* Begin PBXSourcesBuildPhase section */
		03E644741B4B2A1400863A5A /* Sources */ = {
			isa = PBXSourcesBuildPhase;
			buildActionMask = 2147483647;
			files = (
				03E644831B4B2A1400863A5A /* ViewController.swift in Sources */,
				03E6447E1B4B2A1400863A5A /* AppDelegate.swift in Sources */,
				03E644811B4B2A1400863A5A /* Test.xcdatamodeld in Sources */,
			);
			runOnlyForDeploymentPostprocessing = 0;
		};
		03E6448C1B4B2A1400863A5A /* Sources */ = {
			isa = PBXSourcesBuildPhase;
			buildActionMask = 2147483647;
			files = (
				03E644971B4B2A1400863A5A /* TestTests.swift in Sources */,
			);
			runOnlyForDeploymentPostprocessing = 0;
		};
/* End PBXSourcesBuildPhase section */

/* Begin PBXTargetDependency section */
		03E644921B4B2A1400863A5A /* PBXTargetDependency */ = {
			isa = PBXTargetDependency;
			target = 03E644771B4B2A1400863A5A /* Test */;
			targetProxy = 03E644911B4B2A1400863A5A /* PBXContainerItemProxy */;
		};
/* End PBXTargetDependency section */

/* Begin PBXVariantGroup section */
		03E644841B4B2A1400863A5A /* Main.storyboard */ = {
			isa = PBXVariantGroup;
			children = (
				03E644851B4B2A1400863A5A /* Base */,
			);
			name = Main.storyboard;
			sourceTree = "<group>";
		};
		03E644891B4B2A1400863A5A /* LaunchScreen.xib */ = {
			isa = PBXVariantGroup;
			children = (
				03E6448A1B4B2A1400863A5A /* Base */,
			);
			name = LaunchScreen.xib;
			sourceTree = "<group>";
		};
/* End PBXVariantGroup section */

/* Begin XCBuildConfiguration section */
		03E644981B4B2A1400863A5A /* Debug */ = {
			isa = XCBuildConfiguration;
			buildSettings = {
				ALWAYS_SEARCH_USER_PATHS = NO;
				CLANG_CXX_LANGUAGE_STANDARD = "gnu++0x";
				CLANG_CXX_LIBRARY = "libc++";
				CLANG_ENABLE_MODULES = YES;
				CLANG_ENABLE_OBJC_ARC = YES;
				CLANG_WARN_BOOL_CONVERSION = YES;
				CLANG_WARN_CONSTANT_CONVERSION = YES;
				CLANG_WARN_DIRECT_OBJC_ISA_USAGE = YES_ERROR;
				CLANG_WARN_EMPTY_BODY = YES;
				CLANG_WARN_ENUM_CONVERSION = YES;
				CLANG_WARN_INT_CONVERSION = YES;
				CLANG_WARN_OBJC_ROOT_CLASS = YES_ERROR;
				CLANG_WARN_UNREACHABLE_CODE = YES;
				CLANG_WARN__DUPLICATE_METHOD_MATCH = YES;
				"CODE_SIGN_IDENTITY[sdk=iphoneos*]" = "iPhone Developer";
				COPY_PHASE_STRIP = NO;
				DEBUG_INFORMATION_FORMAT = "dwarf-with-dsym";
				ENABLE_STRICT_OBJC_MSGSEND = YES;
				GCC_C_LANGUAGE_STANDARD = gnu99;
				GCC_DYNAMIC_NO_PIC = NO;
				GCC_NO_COMMON_BLOCKS = YES;
				GCC_OPTIMIZATION_LEVEL = 0;
				GCC_PREPROCESSOR_DEFINITIONS = (
					"DEBUG=1",
					"$(inherited)",
				);
				GCC_SYMBOLS_PRIVATE_EXTERN = NO;
				GCC_WARN_64_TO_32_BIT_CONVERSION = YES;
				GCC_WARN_ABOUT_RETURN_TYPE = YES_ERROR;
				GCC_WARN_UNDECLARED_SELECTOR = YES;
				GCC_WARN_UNINITIALIZED_AUTOS = YES_AGGRESSIVE;
				GCC_WARN_UNUSED_FUNCTION = YES;
				GCC_WARN_UNUSED_VARIABLE = YES;
				IPHONEOS_DEPLOYMENT_TARGET = 8.4;
				MTL_ENABLE_DEBUG_INFO = YES;
				ONLY_ACTIVE_ARCH = YES;
				SDKROOT = iphoneos;
				SWIFT_OPTIMIZATION_LEVEL = "-Onone";
			};
			name = Debug;
		};
		03E644991B4B2A1400863A5A /* Release */ = {
			isa = XCBuildConfiguration;
			buildSettings = {
				ALWAYS_SEARCH_USER_PATHS = NO;
				CLANG_CXX_LANGUAGE_STANDARD = "gnu++0x";
				CLANG_CXX_LIBRARY = "libc++";
				CLANG_ENABLE_MODULES = YES;
				CLANG_ENABLE_OBJC_ARC = YES;
				CLANG_WARN_BOOL_CONVERSION = YES;
				CLANG_WARN_CONSTANT_CONVERSION = YES;
				CLANG_WARN_DIRECT_OBJC_ISA_USAGE = YES_ERROR;
				CLANG_WARN_EMPTY_BODY = YES;
				CLANG_WARN_ENUM_CONVERSION = YES;
				CLANG_WARN_INT_CONVERSION = YES;
				CLANG_WARN_OBJC_ROOT_CLASS = YES_ERROR;
				CLANG_WARN_UNREACHABLE_CODE = YES;
				CLANG_WARN__DUPLICATE_METHOD_MATCH = YES;
				"CODE_SIGN_IDENTITY[sdk=iphoneos*]" = "iPhone Developer";
				COPY_PHASE_STRIP = NO;
				DEBUG_INFORMATION_FORMAT = "dwarf-with-dsym";
				ENABLE_NS_ASSERTIONS = NO;
				ENABLE_STRICT_OBJC_MSGSEND = YES;
				GCC_C_LANGUAGE_STANDARD = gnu99;
				GCC_NO_COMMON_BLOCKS = YES;
				GCC_WARN_64_TO_32_BIT_CONVERSION = YES;
				GCC_WARN_ABOUT_RETURN_TYPE = YES_ERROR;
				GCC_WARN_UNDECLARED_SELECTOR = YES;
				GCC_WARN_UNINITIALIZED_AUTOS = YES_AGGRESSIVE;
				GCC_WARN_UNUSED_FUNCTION = YES;
				GCC_WARN_UNUSED_VARIABLE = YES;
				IPHONEOS_DEPLOYMENT_TARGET = 8.4;
				MTL_ENABLE_DEBUG_INFO = NO;
				SDKROOT = iphoneos;
				VALIDATE_PRODUCT = YES;
			};
			name = Release;
		};
		03E6449B1B4B2A1400863A5A /* Debug */ = {
			isa = XCBuildConfiguration;
			buildSettings = {
				ASSETCATALOG_COMPILER_APPICON_NAME = AppIcon;
				INFOPLIST_FILE = Test/Info.plist;
				LD_RUNPATH_SEARCH_PATHS = "$(inherited) @executable_path/Frameworks";
				PRODUCT_NAME = "$(TARGET_NAME)";
			};
			name = Debug;
		};
		03E6449C1B4B2A1400863A5A /* Release */ = {
			isa = XCBuildConfiguration;
			buildSettings = {
				ASSETCATALOG_COMPILER_APPICON_NAME = AppIcon;
				INFOPLIST_FILE = Test/Info.plist;
				LD_RUNPATH_SEARCH_PATHS = "$(inherited) @executable_path/Frameworks";
				PRODUCT_NAME = "$(TARGET_NAME)";
			};
			name = Release;
		};
		03E6449E1B4B2A1400863A5A /* Debug */ = {
			isa = XCBuildConfiguration;
			buildSettings = {
				BUNDLE_LOADER = "$(TEST_HOST)";
				FRAMEWORK_SEARCH_PATHS = (
					"$(SDKROOT)/Developer/Library/Frameworks",
					"$(inherited)",
				);
				GCC_PREPROCESSOR_DEFINITIONS = (
					"DEBUG=1",
					"$(inherited)",
				);
				INFOPLIST_FILE = TestTests/Info.plist;
				LD_RUNPATH_SEARCH_PATHS = "$(inherited) @executable_path/Frameworks @loader_path/Frameworks";
				PRODUCT_NAME = "$(TARGET_NAME)";
				TEST_HOST = "$(BUILT_PRODUCTS_DIR)/Test.app/Test";
			};
			name = Debug;
		};
		03E6449F1B4B2A1400863A5A /* Release */ = {
			isa = XCBuildConfiguration;
			buildSettings = {
				BUNDLE_LOADER = "$(TEST_HOST)";
				FRAMEWORK_SEARCH_PATHS = (
					"$(SDKROOT)/Developer/Library/Frameworks",
					"$(inherited)",
				);
				INFOPLIST_FILE = TestTests/Info.plist;
				LD_RUNPATH_SEARCH_PATHS = "$(inherited) @executable_path/Frameworks @loader_path/Frameworks";
				PRODUCT_NAME = "$(TARGET_NAME)";
				TEST_HOST = "$(BUILT_PRODUCTS_DIR)/Test.app/Test";
			};
			name = Release;
		};
/* End XCBuildConfiguration section */

/* Begin XCConfigurationList section */
		03E644731B4B2A1400863A5A /* Build configuration list for PBXProject "Test" */ = {
			isa = XCConfigurationList;
			buildConfigurations = (
				03E644981B4B2A1400863A5A /* Debug */,
				03E644991B4B2A1400863A5A /* Release */,
			);
			defaultConfigurationIsVisible = 0;
			defaultConfigurationName = Release;
		};
		03E6449A1B4B2A1400863A5A /* Build configuration list for PBXNativeTarget "Test" */ = {
			isa = XCConfigurationList;
			buildConfigurations = (
				03E6449B1B4B2A1400863A5A /* Debug */,
				03E6449C1B4B2A1400863A5A /* Release */,
			);
			defaultConfigurationIsVisible = 0;
		};
		03E6449D1B4B2A1400863A5A /* Build configuration list for PBXNativeTarget "TestTests" */ = {
			isa = XCConfigurationList;
			buildConfigurations = (
				03E6449E1B4B2A1400863A5A /* Debug */,
				03E6449F1B4B2A1400863A5A /* Release */,
			);
			defaultConfigurationIsVisible = 0;
		};
/* End XCConfigurationList section */

/* Begin XCVersionGroup section */
		03E6447F1B4B2A1400863A5A /* Test.xcdatamodeld */ = {
			isa = XCVersionGroup;
			children = (
				03E644801B4B2A1400863A5A /* Test.xcdatamodel */,
			);
			currentVersion = 03E644801B4B2A1400863A5A /* Test.xcdatamodel */;
			path = Test.xcdatamodeld;
			sourceTree = "<group>";
			versionGroupType = wrapper.xcdatamodel;
		};
/* End XCVersionGroup section */
	};
	rootObject = 03E644701B4B2A1400863A5A /* Project object */;
}
