// !$*UTF8*$!
{
	archiveVersion = 1;
	classes = {
	};
	objectVersion = 46;
	objects = {

/* Begin PBXBuildFile section */
		0390D8101B1E9D69002F8787 /* AppDelegate.swift in Sources */ = {isa = PBXBuildFile; fileRef = 0390D80F1B1E9D69002F8787 /* AppDelegate.swift */; };
		0390D8121B1E9D69002F8787 /* ViewController.swift in Sources */ = {isa = PBXBuildFile; fileRef = 0390D8111B1E9D69002F8787 /* ViewController.swift */; };
		0390D8141B1E9D69002F8787 /* Images.xcassets in Resources */ = {isa = PBXBuildFile; fileRef = 0390D8131B1E9D69002F8787 /* Images.xcassets */; };
		0390D8171B1E9D69002F8787 /* Main.storyboard in Resources */ = {isa = PBXBuildFile; fileRef = 0390D8151B1E9D69002F8787 /* Main.storyboard */; };
		0390D8231B1E9D69002F8787 /* Test2Tests.swift in Sources */ = {isa = PBXBuildFile; fileRef = 0390D8221B1E9D69002F8787 /* Test2Tests.swift */; };
/* End PBXBuildFile section */

/* Begin PBXContainerItemProxy section */
		0390D81D1B1E9D69002F8787 /* PBXContainerItemProxy */ = {
			isa = PBXContainerItemProxy;
			containerPortal = 0390D8021B1E9D69002F8787 /* Project object */;
			proxyType = 1;
			remoteGlobalIDString = 0390D8091B1E9D69002F8787;
			remoteInfo = Test2;
		};
/* End PBXContainerItemProxy section */

/* Begin PBXFileReference section */
		0390D80A1B1E9D69002F8787 /* Test2.app */ = {isa = PBXFileReference; explicitFileType = wrapper.application; includeInIndex = 0; path = Test2.app; sourceTree = BUILT_PRODUCTS_DIR; };
		0390D80E1B1E9D69002F8787 /* Info.plist */ = {isa = PBXFileReference; lastKnownFileType = text.plist.xml; path = Info.plist; sourceTree = "<group>"; };
		0390D80F1B1E9D69002F8787 /* AppDelegate.swift */ = {isa = PBXFileReference; lastKnownFileType = sourcecode.swift; path = AppDelegate.swift; sourceTree = "<group>"; };
		0390D8111B1E9D69002F8787 /* ViewController.swift */ = {isa = PBXFileReference; lastKnownFileType = sourcecode.swift; path = ViewController.swift; sourceTree = "<group>"; };
		0390D8131B1E9D69002F8787 /* Images.xcassets */ = {isa = PBXFileReference; lastKnownFileType = folder.assetcatalog; path = Images.xcassets; sourceTree = "<group>"; };
		0390D8161B1E9D69002F8787 /* Base */ = {isa = PBXFileReference; lastKnownFileType = file.storyboard; name = Base; path = Base.lproj/Main.storyboard; sourceTree = "<group>"; };
		0390D81C1B1E9D69002F8787 /* Test2Tests.xctest */ = {isa = PBXFileReference; explicitFileType = wrapper.cfbundle; includeInIndex = 0; path = Test2Tests.xctest; sourceTree = BUILT_PRODUCTS_DIR; };
		0390D8211B1E9D69002F8787 /* Info.plist */ = {isa = PBXFileReference; lastKnownFileType = text.plist.xml; path = Info.plist; sourceTree = "<group>"; };
		0390D8221B1E9D69002F8787 /* Test2Tests.swift */ = {isa = PBXFileReference; lastKnownFileType = sourcecode.swift; path = Test2Tests.swift; sourceTree = "<group>"; };
/* End PBXFileReference section */

/* Begin PBXFrameworksBuildPhase section */
		0390D8071B1E9D69002F8787 /* Frameworks */ = {
			isa = PBXFrameworksBuildPhase;
			buildActionMask = 2147483647;
			files = (
			);
			runOnlyForDeploymentPostprocessing = 0;
		};
		0390D8191B1E9D69002F8787 /* Frameworks */ = {
			isa = PBXFrameworksBuildPhase;
			buildActionMask = 2147483647;
			files = (
			);
			runOnlyForDeploymentPostprocessing = 0;
		};
/* End PBXFrameworksBuildPhase section */

/* Begin PBXGroup section */
		0390D8011B1E9D69002F8787 = {
			isa = PBXGroup;
			children = (
				0390D80C1B1E9D69002F8787 /* Test2 */,
				0390D81F1B1E9D69002F8787 /* Test2Tests */,
				0390D80B1B1E9D69002F8787 /* Products */,
			);
			sourceTree = "<group>";
		};
		0390D80B1B1E9D69002F8787 /* Products */ = {
			isa = PBXGroup;
			children = (
				0390D80A1B1E9D69002F8787 /* Test2.app */,
				0390D81C1B1E9D69002F8787 /* Test2Tests.xctest */,
			);
			name = Products;
			sourceTree = "<group>";
		};
		0390D80C1B1E9D69002F8787 /* Test2 */ = {
			isa = PBXGroup;
			children = (
				0390D80F1B1E9D69002F8787 /* AppDelegate.swift */,
				0390D8111B1E9D69002F8787 /* ViewController.swift */,
				0390D8131B1E9D69002F8787 /* Images.xcassets */,
				0390D8151B1E9D69002F8787 /* Main.storyboard */,
				0390D80D1B1E9D69002F8787 /* Supporting Files */,
			);
			path = Test2;
			sourceTree = "<group>";
		};
		0390D80D1B1E9D69002F8787 /* Supporting Files */ = {
			isa = PBXGroup;
			children = (
				0390D80E1B1E9D69002F8787 /* Info.plist */,
			);
			name = "Supporting Files";
			sourceTree = "<group>";
		};
		0390D81F1B1E9D69002F8787 /* Test2Tests */ = {
			isa = PBXGroup;
			children = (
				0390D8221B1E9D69002F8787 /* Test2Tests.swift */,
				0390D8201B1E9D69002F8787 /* Supporting Files */,
			);
			path = Test2Tests;
			sourceTree = "<group>";
		};
		0390D8201B1E9D69002F8787 /* Supporting Files */ = {
			isa = PBXGroup;
			children = (
				0390D8211B1E9D69002F8787 /* Info.plist */,
			);
			name = "Supporting Files";
			sourceTree = "<group>";
		};
/* End PBXGroup section */

/* Begin PBXNativeTarget section */
		0390D8091B1E9D69002F8787 /* Test2 */ = {
			isa = PBXNativeTarget;
			buildConfigurationList = 0390D8261B1E9D69002F8787 /* Build configuration list for PBXNativeTarget "Test2" */;
			buildPhases = (
				0390D8061B1E9D69002F8787 /* Sources */,
				0390D8071B1E9D69002F8787 /* Frameworks */,
				0390D8081B1E9D69002F8787 /* Resources */,
			);
			buildRules = (
			);
			dependencies = (
			);
			name = Test2;
			productName = Test2;
			productReference = 0390D80A1B1E9D69002F8787 /* Test2.app */;
			productType = "com.apple.product-type.application";
		};
		0390D81B1B1E9D69002F8787 /* Test2Tests */ = {
			isa = PBXNativeTarget;
			buildConfigurationList = 0390D8291B1E9D69002F8787 /* Build configuration list for PBXNativeTarget "Test2Tests" */;
			buildPhases = (
				0390D8181B1E9D69002F8787 /* Sources */,
				0390D8191B1E9D69002F8787 /* Frameworks */,
				0390D81A1B1E9D69002F8787 /* Resources */,
			);
			buildRules = (
			);
			dependencies = (
				0390D81E1B1E9D69002F8787 /* PBXTargetDependency */,
			);
			name = Test2Tests;
			productName = Test2Tests;
			productReference = 0390D81C1B1E9D69002F8787 /* Test2Tests.xctest */;
			productType = "com.apple.product-type.bundle.unit-test";
		};
/* End PBXNativeTarget section */

/* Begin PBXProject section */
		0390D8021B1E9D69002F8787 /* Project object */ = {
			isa = PBXProject;
			attributes = {
				LastUpgradeCheck = 0630;
				ORGANIZATIONNAME = "Nicolás Gebauer";
				TargetAttributes = {
					0390D8091B1E9D69002F8787 = {
						CreatedOnToolsVersion = 6.3.2;
					};
					0390D81B1B1E9D69002F8787 = {
						CreatedOnToolsVersion = 6.3.2;
						TestTargetID = 0390D8091B1E9D69002F8787;
					};
				};
			};
			buildConfigurationList = 0390D8051B1E9D69002F8787 /* Build configuration list for PBXProject "Test2" */;
			compatibilityVersion = "Xcode 3.2";
			developmentRegion = English;
			hasScannedForEncodings = 0;
			knownRegions = (
				en,
				Base,
			);
			mainGroup = 0390D8011B1E9D69002F8787;
			productRefGroup = 0390D80B1B1E9D69002F8787 /* Products */;
			projectDirPath = "";
			projectRoot = "";
			targets = (
				0390D8091B1E9D69002F8787 /* Test2 */,
				0390D81B1B1E9D69002F8787 /* Test2Tests */,
			);
		};
/* End PBXProject section */

/* Begin PBXResourcesBuildPhase section */
		0390D8081B1E9D69002F8787 /* Resources */ = {
			isa = PBXResourcesBuildPhase;
			buildActionMask = 2147483647;
			files = (
				0390D8141B1E9D69002F8787 /* Images.xcassets in Resources */,
				0390D8171B1E9D69002F8787 /* Main.storyboard in Resources */,
			);
			runOnlyForDeploymentPostprocessing = 0;
		};
		0390D81A1B1E9D69002F8787 /* Resources */ = {
			isa = PBXResourcesBuildPhase;
			buildActionMask = 2147483647;
			files = (
			);
			runOnlyForDeploymentPostprocessing = 0;
		};
/* End PBXResourcesBuildPhase section */

/* Begin PBXSourcesBuildPhase section */
		0390D8061B1E9D69002F8787 /* Sources */ = {
			isa = PBXSourcesBuildPhase;
			buildActionMask = 2147483647;
			files = (
				0390D8121B1E9D69002F8787 /* ViewController.swift in Sources */,
				0390D8101B1E9D69002F8787 /* AppDelegate.swift in Sources */,
			);
			runOnlyForDeploymentPostprocessing = 0;
		};
		0390D8181B1E9D69002F8787 /* Sources */ = {
			isa = PBXSourcesBuildPhase;
			buildActionMask = 2147483647;
			files = (
				0390D8231B1E9D69002F8787 /* Test2Tests.swift in Sources */,
			);
			runOnlyForDeploymentPostprocessing = 0;
		};
/* End PBXSourcesBuildPhase section */

/* Begin PBXTargetDependency section */
		0390D81E1B1E9D69002F8787 /* PBXTargetDependency */ = {
			isa = PBXTargetDependency;
			target = 0390D8091B1E9D69002F8787 /* Test2 */;
			targetProxy = 0390D81D1B1E9D69002F8787 /* PBXContainerItemProxy */;
		};
/* End PBXTargetDependency section */

/* Begin PBXVariantGroup section */
		0390D8151B1E9D69002F8787 /* Main.storyboard */ = {
			isa = PBXVariantGroup;
			children = (
				0390D8161B1E9D69002F8787 /* Base */,
			);
			name = Main.storyboard;
			sourceTree = "<group>";
		};
/* End PBXVariantGroup section */

/* Begin XCBuildConfiguration section */
		0390D8241B1E9D69002F8787 /* Debug */ = {
			isa = XCBuildConfiguration;
			buildSettings = {
				ALWAYS_SEARCH_USER_PATHS = NO;
				CLANG_CXX_LANGUAGE_STANDARD = "gnu++0x";
				CLANG_CXX_LIBRARY = "libc++";
				CLANG_ENABLE_MODULES = YES;
				CLANG_ENABLE_OBJC_ARC = YES;
				CLANG_WARN_BOOL_CONVERSION = YES;
				CLANG_WARN_CONSTANT_CONVERSION = YES;
				CLANG_WARN_DIRECT_OBJC_ISA_USAGE = YES_ERROR;
				CLANG_WARN_EMPTY_BODY = YES;
				CLANG_WARN_ENUM_CONVERSION = YES;
				CLANG_WARN_INT_CONVERSION = YES;
				CLANG_WARN_OBJC_ROOT_CLASS = YES_ERROR;
				CLANG_WARN_UNREACHABLE_CODE = YES;
				CLANG_WARN__DUPLICATE_METHOD_MATCH = YES;
				CODE_SIGN_IDENTITY = "-";
				COPY_PHASE_STRIP = NO;
				DEBUG_INFORMATION_FORMAT = dwarf;
				ENABLE_STRICT_OBJC_MSGSEND = YES;
				GCC_C_LANGUAGE_STANDARD = gnu99;
				GCC_DYNAMIC_NO_PIC = NO;
				GCC_NO_COMMON_BLOCKS = YES;
				GCC_OPTIMIZATION_LEVEL = 0;
				GCC_PREPROCESSOR_DEFINITIONS = (
					"DEBUG=1",
					"$(inherited)",
				);
				GCC_SYMBOLS_PRIVATE_EXTERN = NO;
				GCC_WARN_64_TO_32_BIT_CONVERSION = YES;
				GCC_WARN_ABOUT_RETURN_TYPE = YES_ERROR;
				GCC_WARN_UNDECLARED_SELECTOR = YES;
				GCC_WARN_UNINITIALIZED_AUTOS = YES_AGGRESSIVE;
				GCC_WARN_UNUSED_FUNCTION = YES;
				GCC_WARN_UNUSED_VARIABLE = YES;
				MACOSX_DEPLOYMENT_TARGET = 10.10;
				MTL_ENABLE_DEBUG_INFO = YES;
				ONLY_ACTIVE_ARCH = YES;
				SDKROOT = macosx;
				SWIFT_OPTIMIZATION_LEVEL = "-Onone";
			};
			name = Debug;
		};
		0390D8251B1E9D69002F8787 /* Release */ = {
			isa = XCBuildConfiguration;
			buildSettings = {
				ALWAYS_SEARCH_USER_PATHS = NO;
				CLANG_CXX_LANGUAGE_STANDARD = "gnu++0x";
				CLANG_CXX_LIBRARY = "libc++";
				CLANG_ENABLE_MODULES = YES;
				CLANG_ENABLE_OBJC_ARC = YES;
				CLANG_WARN_BOOL_CONVERSION = YES;
				CLANG_WARN_CONSTANT_CONVERSION = YES;
				CLANG_WARN_DIRECT_OBJC_ISA_USAGE = YES_ERROR;
				CLANG_WARN_EMPTY_BODY = YES;
				CLANG_WARN_ENUM_CONVERSION = YES;
				CLANG_WARN_INT_CONVERSION = YES;
				CLANG_WARN_OBJC_ROOT_CLASS = YES_ERROR;
				CLANG_WARN_UNREACHABLE_CODE = YES;
				CLANG_WARN__DUPLICATE_METHOD_MATCH = YES;
				CODE_SIGN_IDENTITY = "-";
				COPY_PHASE_STRIP = NO;
				DEBUG_INFORMATION_FORMAT = "dwarf-with-dsym";
				ENABLE_NS_ASSERTIONS = NO;
				ENABLE_STRICT_OBJC_MSGSEND = YES;
				GCC_C_LANGUAGE_STANDARD = gnu99;
				GCC_NO_COMMON_BLOCKS = YES;
				GCC_WARN_64_TO_32_BIT_CONVERSION = YES;
				GCC_WARN_ABOUT_RETURN_TYPE = YES_ERROR;
				GCC_WARN_UNDECLARED_SELECTOR = YES;
				GCC_WARN_UNINITIALIZED_AUTOS = YES_AGGRESSIVE;
				GCC_WARN_UNUSED_FUNCTION = YES;
				GCC_WARN_UNUSED_VARIABLE = YES;
				MACOSX_DEPLOYMENT_TARGET = 10.10;
				MTL_ENABLE_DEBUG_INFO = NO;
				SDKROOT = macosx;
			};
			name = Release;
		};
		0390D8271B1E9D69002F8787 /* Debug */ = {
			isa = XCBuildConfiguration;
			buildSettings = {
				ASSETCATALOG_COMPILER_APPICON_NAME = AppIcon;
				COMBINE_HIDPI_IMAGES = YES;
				INFOPLIST_FILE = Test2/Info.plist;
				LD_RUNPATH_SEARCH_PATHS = "$(inherited) @executable_path/../Frameworks";
				PRODUCT_NAME = "$(TARGET_NAME)";
			};
			name = Debug;
		};
		0390D8281B1E9D69002F8787 /* Release */ = {
			isa = XCBuildConfiguration;
			buildSettings = {
				ASSETCATALOG_COMPILER_APPICON_NAME = AppIcon;
				COMBINE_HIDPI_IMAGES = YES;
				INFOPLIST_FILE = Test2/Info.plist;
				LD_RUNPATH_SEARCH_PATHS = "$(inherited) @executable_path/../Frameworks";
				PRODUCT_NAME = "$(TARGET_NAME)";
			};
			name = Release;
		};
		0390D82A1B1E9D69002F8787 /* Debug */ = {
			isa = XCBuildConfiguration;
			buildSettings = {
				BUNDLE_LOADER = "$(TEST_HOST)";
				COMBINE_HIDPI_IMAGES = YES;
				FRAMEWORK_SEARCH_PATHS = (
					"$(DEVELOPER_FRAMEWORKS_DIR)",
					"$(inherited)",
				);
				GCC_PREPROCESSOR_DEFINITIONS = (
					"DEBUG=1",
					"$(inherited)",
				);
				INFOPLIST_FILE = Test2Tests/Info.plist;
				LD_RUNPATH_SEARCH_PATHS = "$(inherited) @executable_path/../Frameworks @loader_path/../Frameworks";
				PRODUCT_NAME = "$(TARGET_NAME)";
				TEST_HOST = "$(BUILT_PRODUCTS_DIR)/Test2.app/Contents/MacOS/Test2";
			};
			name = Debug;
		};
		0390D82B1B1E9D69002F8787 /* Release */ = {
			isa = XCBuildConfiguration;
			buildSettings = {
				BUNDLE_LOADER = "$(TEST_HOST)";
				COMBINE_HIDPI_IMAGES = YES;
				FRAMEWORK_SEARCH_PATHS = (
					"$(DEVELOPER_FRAMEWORKS_DIR)",
					"$(inherited)",
				);
				INFOPLIST_FILE = Test2Tests/Info.plist;
				LD_RUNPATH_SEARCH_PATHS = "$(inherited) @executable_path/../Frameworks @loader_path/../Frameworks";
				PRODUCT_NAME = "$(TARGET_NAME)";
				TEST_HOST = "$(BUILT_PRODUCTS_DIR)/Test2.app/Contents/MacOS/Test2";
			};
			name = Release;
		};
/* End XCBuildConfiguration section */

/* Begin XCConfigurationList section */
		0390D8051B1E9D69002F8787 /* Build configuration list for PBXProject "Test2" */ = {
			isa = XCConfigurationList;
			buildConfigurations = (
				0390D8241B1E9D69002F8787 /* Debug */,
				0390D8251B1E9D69002F8787 /* Release */,
			);
			defaultConfigurationIsVisible = 0;
			defaultConfigurationName = Release;
		};
		0390D8261B1E9D69002F8787 /* Build configuration list for PBXNativeTarget "Test2" */ = {
			isa = XCConfigurationList;
			buildConfigurations = (
				0390D8271B1E9D69002F8787 /* Debug */,
				0390D8281B1E9D69002F8787 /* Release */,
			);
			defaultConfigurationIsVisible = 0;
		};
		0390D8291B1E9D69002F8787 /* Build configuration list for PBXNativeTarget "Test2Tests" */ = {
			isa = XCConfigurationList;
			buildConfigurations = (
				0390D82A1B1E9D69002F8787 /* Debug */,
				0390D82B1B1E9D69002F8787 /* Release */,
			);
			defaultConfigurationIsVisible = 0;
		};
/* End XCConfigurationList section */
	};
	rootObject = 0390D8021B1E9D69002F8787 /* Project object */;
}
